
Microsoft Visual Studio Solution File, Format Version 12.00
# Visual Studio Version 16
VisualStudioVersion = 16.0.29306.81
MinimumVisualStudioVersion = 10.0.40219.1
Project("{FAE04EC0-301F-11D3-BF4B-00C04F79EFBC}") = "Assignment 4", "Assignment 4.csproj", "{D587EF03-52F4-4F8A-8BCE-50630927D543}"
EndProject
Global
	GlobalSection(SolutionConfigurationPlatforms) = preSolution
		Debug|Any CPU = Debug|Any CPU
		Release|Any CPU = Release|Any CPU
	EndGlobalSection
	GlobalSection(ProjectConfigurationPlatforms) = postSolution
		{D587EF03-52F4-4F8A-8BCE-50630927D543}.Debug|Any CPU.ActiveCfg = Debug|Any CPU
		{D587EF03-52F4-4F8A-8BCE-50630927D543}.Debug|Any CPU.Build.0 = Debug|Any CPU
		{D587EF03-52F4-4F8A-8BCE-50630927D543}.Release|Any CPU.ActiveCfg = Release|Any CPU
		{D587EF03-52F4-4F8A-8BCE-50630927D543}.Release|Any CPU.Build.0 = Release|Any CPU
	EndGlobalSection
	GlobalSection(SolutionProperties) = preSolution
		HideSolutionNode = FALSE
	EndGlobalSection
	GlobalSection(ExtensibilityGlobals) = postSolution
		SolutionGuid = {A3A56337-D0C2-47BA-89D8-81CA71EF1604}
	EndGlobalSection
EndGlobal
